PODS:
  - Analytics (3.2.0)
  - React/Core (0.26.3)
  - React/RCTNetwork (0.26.3):
    - React/Core
  - React/RCTWebSocket (0.26.3):
    - React/Core

DEPENDENCIES:
  - Analytics (~> 3.2)
  - React/Core (from `../node_modules/react-native`)
  - React/RCTNetwork (from `../node_modules/react-native`)
  - React/RCTWebSocket (from `../node_modules/react-native`)

EXTERNAL SOURCES:
  React:
    :path: "../node_modules/react-native"

SPEC CHECKSUMS:
  Analytics: 8f77915b931d8f4b920deab2a6710303ced611ed
  React: 82b64b37b7ad5895b902b33bc7d5a49dbc22793e

PODFILE CHECKSUM: c7b7ce31cbdc1313a18a312b7d58661adab28e59

COCOAPODS: 1.0.1
